
Microsoft Visual Studio Solution File, Format Version 12.00
# Visual Studio Version 16
VisualStudioVersion = 16.0.34301.259
MinimumVisualStudioVersion = 10.0.40219.1
Project("{FAE04EC0-301F-11D3-BF4B-00C04F79EFBC}") = "5A_MENU_WHILE_al", "5A_MENU_WHILE_al.csproj", "{BD6B26F5-FD2A-4804-8C07-49589ACA5EBE}"
EndProject
Global
	GlobalSection(SolutionConfigurationPlatforms) = preSolution
		Debug|Any CPU = Debug|Any CPU
		Release|Any CPU = Release|Any CPU
	EndGlobalSection
	GlobalSection(ProjectConfigurationPlatforms) = postSolution
		{BD6B26F5-FD2A-4804-8C07-49589ACA5EBE}.Debug|Any CPU.ActiveCfg = Debug|Any CPU
		{BD6B26F5-FD2A-4804-8C07-49589ACA5EBE}.Debug|Any CPU.Build.0 = Debug|Any CPU
		{BD6B26F5-FD2A-4804-8C07-49589ACA5EBE}.Release|Any CPU.ActiveCfg = Release|Any CPU
		{BD6B26F5-FD2A-4804-8C07-49589ACA5EBE}.Release|Any CPU.Build.0 = Release|Any CPU
	EndGlobalSection
	GlobalSection(SolutionProperties) = preSolution
		HideSolutionNode = FALSE
	EndGlobalSection
	GlobalSection(ExtensibilityGlobals) = postSolution
		SolutionGuid = {C72A4705-ADF4-4509-AD2D-D779443C33DF}
	EndGlobalSection
EndGlobal
